
Microsoft Visual Studio Solution File, Format Version 12.00
# Visual Studio Version 17
VisualStudioVersion = 17.5.002.0
MinimumVisualStudioVersion = 10.0.40219.1
Project("{9A19103F-16F7-4668-BE54-9A1E7A4F7556}") = "TrilhaApiDesafio", "TrilhaApiDesafio.csproj", "{2490FB4B-CFBB-47B7-B1D1-EF990939F1C9}"
EndProject
Global
	GlobalSection(SolutionConfigurationPlatforms) = preSolution
		Debug|Any CPU = Debug|Any CPU
		Release|Any CPU = Release|Any CPU
	EndGlobalSection
	GlobalSection(ProjectConfigurationPlatforms) = postSolution
		{2490FB4B-CFBB-47B7-B1D1-EF990939F1C9}.Debug|Any CPU.ActiveCfg = Debug|Any CPU
		{2490FB4B-CFBB-47B7-B1D1-EF990939F1C9}.Debug|Any CPU.Build.0 = Debug|Any CPU
		{2490FB4B-CFBB-47B7-B1D1-EF990939F1C9}.Release|Any CPU.ActiveCfg = Release|Any CPU
		{2490FB4B-CFBB-47B7-B1D1-EF990939F1C9}.Release|Any CPU.Build.0 = Release|Any CPU
	EndGlobalSection
	GlobalSection(SolutionProperties) = preSolution
		HideSolutionNode = FALSE
	EndGlobalSection
	GlobalSection(ExtensibilityGlobals) = postSolution
		SolutionGuid = {23345604-E37D-4458-8F08-AEF680D315EE}
	EndGlobalSection
EndGlobal
